
Microsoft Visual Studio Solution File, Format Version 12.00
# Visual Studio 15
VisualStudioVersion = 15.0.27428.1
MinimumVisualStudioVersion = 10.0.40219.1
Project("{FAE04EC0-301F-11D3-BF4B-00C04F79EFBC}") = "minhaGeladeira", "minhaGeladeira\minhaGeladeira.csproj", "{EF04B92E-6E43-4AB8-90B1-AF17F786ED17}"
EndProject
Global
	GlobalSection(SolutionConfigurationPlatforms) = preSolution
		Debug|Any CPU = Debug|Any CPU
		Release|Any CPU = Release|Any CPU
	EndGlobalSection
	GlobalSection(ProjectConfigurationPlatforms) = postSolution
		{EF04B92E-6E43-4AB8-90B1-AF17F786ED17}.Debug|Any CPU.ActiveCfg = Debug|Any CPU
		{EF04B92E-6E43-4AB8-90B1-AF17F786ED17}.Debug|Any CPU.Build.0 = Debug|Any CPU
		{EF04B92E-6E43-4AB8-90B1-AF17F786ED17}.Release|Any CPU.ActiveCfg = Release|Any CPU
		{EF04B92E-6E43-4AB8-90B1-AF17F786ED17}.Release|Any CPU.Build.0 = Release|Any CPU
	EndGlobalSection
	GlobalSection(SolutionProperties) = preSolution
		HideSolutionNode = FALSE
	EndGlobalSection
	GlobalSection(ExtensibilityGlobals) = postSolution
		SolutionGuid = {2005C2B3-B5C7-4E12-AF3A-895173CD4807}
	EndGlobalSection
EndGlobal
